
Microsoft Visual Studio Solution File, Format Version 12.00
# Visual Studio Version 16
VisualStudioVersion = 16.0.30413.136
MinimumVisualStudioVersion = 10.0.40219.1
Project("{FAE04EC0-301F-11D3-BF4B-00C04F79EFBC}") = "TimeToBurn", "TimeToBurn.csproj", "{449643BF-79B2-4330-B23E-56EBE1BDC802}"
EndProject
Project("{FAE04EC0-301F-11D3-BF4B-00C04F79EFBC}") = "Tutor", "..\Tutor\Tutor.csproj", "{AFDAF72B-47E9-49E6-B62E-853E144CD2DB}"
EndProject
Global
	GlobalSection(SolutionConfigurationPlatforms) = preSolution
		Debug|Any CPU = Debug|Any CPU
		Release|Any CPU = Release|Any CPU
	EndGlobalSection
	GlobalSection(ProjectConfigurationPlatforms) = postSolution
		{449643BF-79B2-4330-B23E-56EBE1BDC802}.Debug|Any CPU.ActiveCfg = Debug|Any CPU
		{449643BF-79B2-4330-B23E-56EBE1BDC802}.Debug|Any CPU.Build.0 = Debug|Any CPU
		{449643BF-79B2-4330-B23E-56EBE1BDC802}.Release|Any CPU.ActiveCfg = Release|Any CPU
		{449643BF-79B2-4330-B23E-56EBE1BDC802}.Release|Any CPU.Build.0 = Release|Any CPU
		{AFDAF72B-47E9-49E6-B62E-853E144CD2DB}.Debug|Any CPU.ActiveCfg = Debug|Any CPU
		{AFDAF72B-47E9-49E6-B62E-853E144CD2DB}.Debug|Any CPU.Build.0 = Debug|Any CPU
		{AFDAF72B-47E9-49E6-B62E-853E144CD2DB}.Release|Any CPU.ActiveCfg = Release|Any CPU
		{AFDAF72B-47E9-49E6-B62E-853E144CD2DB}.Release|Any CPU.Build.0 = Release|Any CPU
	EndGlobalSection
	GlobalSection(SolutionProperties) = preSolution
		HideSolutionNode = FALSE
	EndGlobalSection
	GlobalSection(ExtensibilityGlobals) = postSolution
		SolutionGuid = {01FC63CD-417F-4B39-8F1E-9A4D5D1DB454}
	EndGlobalSection
EndGlobal
